
Microsoft Visual Studio Solution File, Format Version 12.00
# Visual Studio Version 16
VisualStudioVersion = 16.0.29519.87
MinimumVisualStudioVersion = 10.0.40219.1
Project("{FAE04EC0-301F-11D3-BF4B-00C04F79EFBC}") = "PlazaProject", "PlazaProject\PlazaProject.csproj", "{C7F7F0C7-878D-47F0-87B6-BEB14D433150}"
EndProject
Project("{FAE04EC0-301F-11D3-BF4B-00C04F79EFBC}") = "PlazaProject_API", "PlazaProject_API\PlazaProject_API.csproj", "{27C7A13D-BBBE-4FA3-B3C5-1612B537DF09}"
EndProject
Global
	GlobalSection(SolutionConfigurationPlatforms) = preSolution
		Debug|Any CPU = Debug|Any CPU
		Release|Any CPU = Release|Any CPU
	EndGlobalSection
	GlobalSection(ProjectConfigurationPlatforms) = postSolution
		{C7F7F0C7-878D-47F0-87B6-BEB14D433150}.Debug|Any CPU.ActiveCfg = Debug|Any CPU
		{C7F7F0C7-878D-47F0-87B6-BEB14D433150}.Debug|Any CPU.Build.0 = Debug|Any CPU
		{C7F7F0C7-878D-47F0-87B6-BEB14D433150}.Release|Any CPU.ActiveCfg = Release|Any CPU
		{C7F7F0C7-878D-47F0-87B6-BEB14D433150}.Release|Any CPU.Build.0 = Release|Any CPU
		{27C7A13D-BBBE-4FA3-B3C5-1612B537DF09}.Debug|Any CPU.ActiveCfg = Debug|Any CPU
		{27C7A13D-BBBE-4FA3-B3C5-1612B537DF09}.Debug|Any CPU.Build.0 = Debug|Any CPU
		{27C7A13D-BBBE-4FA3-B3C5-1612B537DF09}.Release|Any CPU.ActiveCfg = Release|Any CPU
		{27C7A13D-BBBE-4FA3-B3C5-1612B537DF09}.Release|Any CPU.Build.0 = Release|Any CPU
	EndGlobalSection
	GlobalSection(SolutionProperties) = preSolution
		HideSolutionNode = FALSE
	EndGlobalSection
	GlobalSection(ExtensibilityGlobals) = postSolution
		SolutionGuid = {CB50E2FB-952E-45B1-AEC6-38BDCF540B95}
	EndGlobalSection
EndGlobal
